
Microsoft Visual Studio Solution File, Format Version 12.00
# Visual Studio Version 16
VisualStudioVersion = 16.0.29215.179
MinimumVisualStudioVersion = 10.0.40219.1
Project("{FAE04EC0-301F-11D3-BF4B-00C04F79EFBC}") = "N01363715 - Assignment-1", "N01363715 - Assignment-1.csproj", "{77CBEAFF-5AC3-4F68-B8E6-C4EB2788509C}"
EndProject
Global
	GlobalSection(SolutionConfigurationPlatforms) = preSolution
		Debug|Any CPU = Debug|Any CPU
		Release|Any CPU = Release|Any CPU
	EndGlobalSection
	GlobalSection(ProjectConfigurationPlatforms) = postSolution
		{77CBEAFF-5AC3-4F68-B8E6-C4EB2788509C}.Debug|Any CPU.ActiveCfg = Debug|Any CPU
		{77CBEAFF-5AC3-4F68-B8E6-C4EB2788509C}.Debug|Any CPU.Build.0 = Debug|Any CPU
		{77CBEAFF-5AC3-4F68-B8E6-C4EB2788509C}.Release|Any CPU.ActiveCfg = Release|Any CPU
		{77CBEAFF-5AC3-4F68-B8E6-C4EB2788509C}.Release|Any CPU.Build.0 = Release|Any CPU
	EndGlobalSection
	GlobalSection(SolutionProperties) = preSolution
		HideSolutionNode = FALSE
	EndGlobalSection
	GlobalSection(ExtensibilityGlobals) = postSolution
		SolutionGuid = {B90F9CE3-54F3-4168-9393-F5C356808413}
	EndGlobalSection
EndGlobal
